// !$*UTF8*$!
{
	archiveVersion = 1;
	classes = {
	};
	objectVersion = 48;
	objects = {

/* Begin PBXBuildFile section */
		C00546D81FD79B8D006FBFEF /* AppDelegate.swift in Sources */ = {isa = PBXBuildFile; fileRef = C00546D71FD79B8D006FBFEF /* AppDelegate.swift */; };
		C00546DA1FD79B8D006FBFEF /* ViewController.swift in Sources */ = {isa = PBXBuildFile; fileRef = C00546D91FD79B8D006FBFEF /* ViewController.swift */; };
		C00546DD1FD79B8D006FBFEF /* Main.storyboard in Resources */ = {isa = PBXBuildFile; fileRef = C00546DB1FD79B8D006FBFEF /* Main.storyboard */; };
		C00546DF1FD79B8D006FBFEF /* Assets.xcassets in Resources */ = {isa = PBXBuildFile; fileRef = C00546DE1FD79B8D006FBFEF /* Assets.xcassets */; };
		C00546E21FD79B8D006FBFEF /* LaunchScreen.storyboard in Resources */ = {isa = PBXBuildFile; fileRef = C00546E01FD79B8D006FBFEF /* LaunchScreen.storyboard */; };
		C00546EA1FD79CA4006FBFEF /* AdViewController.swift in Sources */ = {isa = PBXBuildFile; fileRef = C00546E91FD79CA4006FBFEF /* AdViewController.swift */; };
/* End PBXBuildFile section */

/* Begin PBXFileReference section */
		C00546D41FD79B8D006FBFEF /* SplashAnimate.app */ = {isa = PBXFileReference; explicitFileType = wrapper.application; includeInIndex = 0; path = SplashAnimate.app; sourceTree = BUILT_PRODUCTS_DIR; };
		C00546D71FD79B8D006FBFEF /* AppDelegate.swift */ = {isa = PBXFileReference; lastKnownFileType = sourcecode.swift; path = AppDelegate.swift; sourceTree = "<group>"; };
		C00546D91FD79B8D006FBFEF /* ViewController.swift */ = {isa = PBXFileReference; lastKnownFileType = sourcecode.swift; path = ViewController.swift; sourceTree = "<group>"; };
		C00546DC1FD79B8D006FBFEF /* Base */ = {isa = PBXFileReference; lastKnownFileType = file.storyboard; name = Base; path = Base.lproj/Main.storyboard; sourceTree = "<group>"; };
		C00546DE1FD79B8D006FBFEF /* Assets.xcassets */ = {isa = PBXFileReference; lastKnownFileType = folder.assetcatalog; path = Assets.xcassets; sourceTree = "<group>"; };
		C00546E11FD79B8D006FBFEF /* Base */ = {isa = PBXFileReference; lastKnownFileType = file.storyboard; name = Base; path = Base.lproj/LaunchScreen.storyboard; sourceTree = "<group>"; };
		C00546E31FD79B8D006FBFEF /* Info.plist */ = {isa = PBXFileReference; lastKnownFileType = text.plist.xml; path = Info.plist; sourceTree = "<group>"; };
		C00546E91FD79CA4006FBFEF /* AdViewController.swift */ = {isa = PBXFileReference; lastKnownFileType = sourcecode.swift; path = AdViewController.swift; sourceTree = "<group>"; };
/* End PBXFileReference section */

/* Begin PBXFrameworksBuildPhase section */
		C00546D11FD79B8D006FBFEF /* Frameworks */ = {
			isa = PBXFrameworksBuildPhase;
			buildActionMask = 2147483647;
			files = (
			);
			runOnlyForDeploymentPostprocessing = 0;
		};
/* End PBXFrameworksBuildPhase section */

/* Begin PBXGroup section */
		C00546CB1FD79B8D006FBFEF = {
			isa = PBXGroup;
			children = (
				C00546D61FD79B8D006FBFEF /* SplashAnimate */,
				C00546D51FD79B8D006FBFEF /* Products */,
			);
			sourceTree = "<group>";
		};
		C00546D51FD79B8D006FBFEF /* Products */ = {
			isa = PBXGroup;
			children = (
				C00546D41FD79B8D006FBFEF /* SplashAnimate.app */,
			);
			name = Products;
			sourceTree = "<group>";
		};
		C00546D61FD79B8D006FBFEF /* SplashAnimate */ = {
			isa = PBXGroup;
			children = (
				C00546D71FD79B8D006FBFEF /* AppDelegate.swift */,
				C00546D91FD79B8D006FBFEF /* ViewController.swift */,
				C00546E91FD79CA4006FBFEF /* AdViewController.swift */,
				C00546DB1FD79B8D006FBFEF /* Main.storyboard */,
				C00546DE1FD79B8D006FBFEF /* Assets.xcassets */,
				C00546E01FD79B8D006FBFEF /* LaunchScreen.storyboard */,
				C00546E31FD79B8D006FBFEF /* Info.plist */,
			);
			path = SplashAnimate;
			sourceTree = "<group>";
		};
/* End PBXGroup section */

/* Begin PBXNativeTarget section */
		C00546D31FD79B8D006FBFEF /* SplashAnimate */ = {
			isa = PBXNativeTarget;
			buildConfigurationList = C00546E61FD79B8D006FBFEF /* Build configuration list for PBXNativeTarget "SplashAnimate" */;
			buildPhases = (
				C00546D01FD79B8D006FBFEF /* Sources */,
				C00546D11FD79B8D006FBFEF /* Frameworks */,
				C00546D21FD79B8D006FBFEF /* Resources */,
			);
			buildRules = (
			);
			dependencies = (
			);
			name = SplashAnimate;
			productName = SplashAnimate;
			productReference = C00546D41FD79B8D006FBFEF /* SplashAnimate.app */;
			productType = "com.apple.product-type.application";
		};
/* End PBXNativeTarget section */

/* Begin PBXProject section */
		C00546CC1FD79B8D006FBFEF /* Project object */ = {
			isa = PBXProject;
			attributes = {
				LastSwiftUpdateCheck = 0920;
				LastUpgradeCheck = 0920;
				ORGANIZATIONNAME = HansonStudio;
				TargetAttributes = {
					C00546D31FD79B8D006FBFEF = {
						CreatedOnToolsVersion = 9.2;
						ProvisioningStyle = Automatic;
					};
				};
			};
			buildConfigurationList = C00546CF1FD79B8D006FBFEF /* Build configuration list for PBXProject "SplashAnimate" */;
			compatibilityVersion = "Xcode 8.0";
			developmentRegion = en;
			hasScannedForEncodings = 0;
			knownRegions = (
				en,
				Base,
			);
			mainGroup = C00546CB1FD79B8D006FBFEF;
			productRefGroup = C00546D51FD79B8D006FBFEF /* Products */;
			projectDirPath = "";
			projectRoot = "";
			targets = (
				C00546D31FD79B8D006FBFEF /* SplashAnimate */,
			);
		};
/* End PBXProject section */

/* Begin PBXResourcesBuildPhase section */
		C00546D21FD79B8D006FBFEF /* Resources */ = {
			isa = PBXResourcesBuildPhase;
			buildActionMask = 2147483647;
			files = (
				C00546E21FD79B8D006FBFEF /* LaunchScreen.storyboard in Resources */,
				C00546DF1FD79B8D006FBFEF /* Assets.xcassets in Resources */,
				C00546DD1FD79B8D006FBFEF /* Main.storyboard in Resources */,
			);
			runOnlyForDeploymentPostprocessing = 0;
		};
/* End PBXResourcesBuildPhase section */

/* Begin PBXSourcesBuildPhase section */
		C00546D01FD79B8D006FBFEF /* Sources */ = {
			isa = PBXSourcesBuildPhase;
			buildActionMask = 2147483647;
			files = (
				C00546EA1FD79CA4006FBFEF /* AdViewController.swift in Sources */,
				C00546DA1FD79B8D006FBFEF /* ViewController.swift in Sources */,
				C00546D81FD79B8D006FBFEF /* AppDelegate.swift in Sources */,
			);
			runOnlyForDeploymentPostprocessing = 0;
		};
/* End PBXSourcesBuildPhase section */

/* Begin PBXVariantGroup section */
		C00546DB1FD79B8D006FBFEF /* Main.storyboard */ = {
			isa = PBXVariantGroup;
			children = (
				C00546DC1FD79B8D006FBFEF /* Base */,
			);
			name = Main.storyboard;
			sourceTree = "<group>";
		};
		C00546E01FD79B8D006FBFEF /* LaunchScreen.storyboard */ = {
			isa = PBXVariantGroup;
			children = (
				C00546E11FD79B8D006FBFEF /* Base */,
			);
			name = LaunchScreen.storyboard;
			sourceTree = "<group>";
		};
/* End PBXVariantGroup section */

/* Begin XCBuildConfiguration section */
		C00546E41FD79B8D006FBFEF /* Debug */ = {
			isa = XCBuildConfiguration;
			buildSettings = {
				ALWAYS_SEARCH_USER_PATHS = NO;
				CLANG_ANALYZER_NONNULL = YES;
				CLANG_ANALYZER_NUMBER_OBJECT_CONVERSION = YES_AGGRESSIVE;
				CLANG_CXX_LANGUAGE_STANDARD = "gnu++14";
				CLANG_CXX_LIBRARY = "libc++";
				CLANG_ENABLE_MODULES = YES;
				CLANG_ENABLE_OBJC_ARC = YES;
				CLANG_WARN_BLOCK_CAPTURE_AUTORELEASING = YES;
				CLANG_WARN_BOOL_CONVERSION = YES;
				CLANG_WARN_COMMA = YES;
				CLANG_WARN_CONSTANT_CONVERSION = YES;
				CLANG_WARN_DIRECT_OBJC_ISA_USAGE = YES_ERROR;
				CLANG_WARN_DOCUMENTATION_COMMENTS = YES;
				CLANG_WARN_EMPTY_BODY = YES;
				CLANG_WARN_ENUM_CONVERSION = YES;
				CLANG_WARN_INFINITE_RECURSION = YES;
				CLANG_WARN_INT_CONVERSION = YES;
				CLANG_WARN_NON_LITERAL_NULL_CONVERSION = YES;
				CLANG_WARN_OBJC_LITERAL_CONVERSION = YES;
				CLANG_WARN_OBJC_ROOT_CLASS = YES_ERROR;
				CLANG_WARN_RANGE_LOOP_ANALYSIS = YES;
				CLANG_WARN_STRICT_PROTOTYPES = YES;
				CLANG_WARN_SUSPICIOUS_MOVE = YES;
				CLANG_WARN_UNGUARDED_AVAILABILITY = YES_AGGRESSIVE;
				CLANG_WARN_UNREACHABLE_CODE = YES;
				CLANG_WARN__DUPLICATE_METHOD_MATCH = YES;
				CODE_SIGN_IDENTITY = "iPhone Developer";
				COPY_PHASE_STRIP = NO;
				DEBUG_INFORMATION_FORMAT = dwarf;
				ENABLE_STRICT_OBJC_MSGSEND = YES;
				ENABLE_TESTABILITY = YES;
				GCC_C_LANGUAGE_STANDARD = gnu11;
				GCC_DYNAMIC_NO_PIC = NO;
				GCC_NO_COMMON_BLOCKS = YES;
				GCC_OPTIMIZATION_LEVEL = 0;
				GCC_PREPROCESSOR_DEFINITIONS = (
					"DEBUG=1",
					"$(inherited)",
				);
				GCC_WARN_64_TO_32_BIT_CONVERSION = YES;
				GCC_WARN_ABOUT_RETURN_TYPE = YES_ERROR;
				GCC_WARN_UNDECLARED_SELECTOR = YES;
				GCC_WARN_UNINITIALIZED_AUTOS = YES_AGGRESSIVE;
				GCC_WARN_UNUSED_FUNCTION = YES;
				GCC_WARN_UNUSED_VARIABLE = YES;
				IPHONEOS_DEPLOYMENT_TARGET = 11.2;
				MTL_ENABLE_DEBUG_INFO = YES;
				ONLY_ACTIVE_ARCH = YES;
				SDKROOT = iphoneos;
				SWIFT_ACTIVE_COMPILATION_CONDITIONS = DEBUG;
				SWIFT_OPTIMIZATION_LEVEL = "-Onone";
			};
			name = Debug;
		};
		C00546E51FD79B8D006FBFEF /* Release */ = {
			isa = XCBuildConfiguration;
			buildSettings = {
				ALWAYS_SEARCH_USER_PATHS = NO;
				CLANG_ANALYZER_NONNULL = YES;
				CLANG_ANALYZER_NUMBER_OBJECT_CONVERSION = YES_AGGRESSIVE;
				CLANG_CXX_LANGUAGE_STANDARD = "gnu++14";
				CLANG_CXX_LIBRARY = "libc++";
				CLANG_ENABLE_MODULES = YES;
				CLANG_ENABLE_OBJC_ARC = YES;
				CLANG_WARN_BLOCK_CAPTURE_AUTORELEASING = YES;
				CLANG_WARN_BOOL_CONVERSION = YES;
				CLANG_WARN_COMMA = YES;
				CLANG_WARN_CONSTANT_CONVERSION = YES;
				CLANG_WARN_DIRECT_OBJC_ISA_USAGE = YES_ERROR;
				CLANG_WARN_DOCUMENTATION_COMMENTS = YES;
				CLANG_WARN_EMPTY_BODY = YES;
				CLANG_WARN_ENUM_CONVERSION = YES;
				CLANG_WARN_INFINITE_RECURSION = YES;
				CLANG_WARN_INT_CONVERSION = YES;
				CLANG_WARN_NON_LITERAL_NULL_CONVERSION = YES;
				CLANG_WARN_OBJC_LITERAL_CONVERSION = YES;
				CLANG_WARN_OBJC_ROOT_CLASS = YES_ERROR;
				CLANG_WARN_RANGE_LOOP_ANALYSIS = YES;
				CLANG_WARN_STRICT_PROTOTYPES = YES;
				CLANG_WARN_SUSPICIOUS_MOVE = YES;
				CLANG_WARN_UNGUARDED_AVAILABILITY = YES_AGGRESSIVE;
				CLANG_WARN_UNREACHABLE_CODE = YES;
				CLANG_WARN__DUPLICATE_METHOD_MATCH = YES;
				CODE_SIGN_IDENTITY = "iPhone Developer";
				COPY_PHASE_STRIP = NO;
				DEBUG_INFORMATION_FORMAT = "dwarf-with-dsym";
				ENABLE_NS_ASSERTIONS = NO;
				ENABLE_STRICT_OBJC_MSGSEND = YES;
				GCC_C_LANGUAGE_STANDARD = gnu11;
				GCC_NO_COMMON_BLOCKS = YES;
				GCC_WARN_64_TO_32_BIT_CONVERSION = YES;
				GCC_WARN_ABOUT_RETURN_TYPE = YES_ERROR;
				GCC_WARN_UNDECLARED_SELECTOR = YES;
				GCC_WARN_UNINITIALIZED_AUTOS = YES_AGGRESSIVE;
				GCC_WARN_UNUSED_FUNCTION = YES;
				GCC_WARN_UNUSED_VARIABLE = YES;
				IPHONEOS_DEPLOYMENT_TARGET = 11.2;
				MTL_ENABLE_DEBUG_INFO = NO;
				SDKROOT = iphoneos;
				SWIFT_OPTIMIZATION_LEVEL = "-Owholemodule";
				VALIDATE_PRODUCT = YES;
			};
			name = Release;
		};
		C00546E71FD79B8D006FBFEF /* Debug */ = {
			isa = XCBuildConfiguration;
			buildSettings = {
				ASSETCATALOG_COMPILER_APPICON_NAME = AppIcon;
				CODE_SIGN_STYLE = Automatic;
				DEVELOPMENT_TEAM = XC238MH24L;
				INFOPLIST_FILE = SplashAnimate/Info.plist;
				IPHONEOS_DEPLOYMENT_TARGET = 9.0;
				LD_RUNPATH_SEARCH_PATHS = "$(inherited) @executable_path/Frameworks";
				PRODUCT_BUNDLE_IDENTIFIER = com.HansonStudio.SplashAnimate;
				PRODUCT_NAME = "$(TARGET_NAME)";
				SWIFT_VERSION = 4.0;
				TARGETED_DEVICE_FAMILY = "1,2";
			};
			name = Debug;
		};
		C00546E81FD79B8D006FBFEF /* Release */ = {
			isa = XCBuildConfiguration;
			buildSettings = {
				ASSETCATALOG_COMPILER_APPICON_NAME = AppIcon;
				CODE_SIGN_STYLE = Automatic;
				DEVELOPMENT_TEAM = XC238MH24L;
				INFOPLIST_FILE = SplashAnimate/Info.plist;
				IPHONEOS_DEPLOYMENT_TARGET = 9.0;
				LD_RUNPATH_SEARCH_PATHS = "$(inherited) @executable_path/Frameworks";
				PRODUCT_BUNDLE_IDENTIFIER = com.HansonStudio.SplashAnimate;
				PRODUCT_NAME = "$(TARGET_NAME)";
				SWIFT_VERSION = 4.0;
				TARGETED_DEVICE_FAMILY = "1,2";
			};
			name = Release;
		};
/* End XCBuildConfiguration section */

/* Begin XCConfigurationList section */
		C00546CF1FD79B8D006FBFEF /* Build configuration list for PBXProject "SplashAnimate" */ = {
			isa = XCConfigurationList;
			buildConfigurations = (
				C00546E41FD79B8D006FBFEF /* Debug */,
				C00546E51FD79B8D006FBFEF /* Release */,
			);
			defaultConfigurationIsVisible = 0;
			defaultConfigurationName = Release;
		};
		C00546E61FD79B8D006FBFEF /* Build configuration list for PBXNativeTarget "SplashAnimate" */ = {
			isa = XCConfigurationList;
			buildConfigurations = (
				C00546E71FD79B8D006FBFEF /* Debug */,
				C00546E81FD79B8D006FBFEF /* Release */,
			);
			defaultConfigurationIsVisible = 0;
			defaultConfigurationName = Release;
		};
/* End XCConfigurationList section */
	};
	rootObject = C00546CC1FD79B8D006FBFEF /* Project object */;
}
